
Microsoft Visual Studio Solution File, Format Version 12.00
# Visual Studio 15
VisualStudioVersion = 15.0.27428.2005
MinimumVisualStudioVersion = 10.0.40219.1
Project("{FAE04EC0-301F-11D3-BF4B-00C04F79EFBC}") = "Assignment4_Programming3_CentennialCollege", "Assignment4_Programming3_CentennialCollege\Assignment4_Programming3_CentennialCollege.csproj", "{B0BF2D06-19CB-4B82-A55F-B6F8E0104A21}"
EndProject
Global
	GlobalSection(SolutionConfigurationPlatforms) = preSolution
		Debug|Any CPU = Debug|Any CPU
		Release|Any CPU = Release|Any CPU
	EndGlobalSection
	GlobalSection(ProjectConfigurationPlatforms) = postSolution
		{B0BF2D06-19CB-4B82-A55F-B6F8E0104A21}.Debug|Any CPU.ActiveCfg = Debug|Any CPU
		{B0BF2D06-19CB-4B82-A55F-B6F8E0104A21}.Debug|Any CPU.Build.0 = Debug|Any CPU
		{B0BF2D06-19CB-4B82-A55F-B6F8E0104A21}.Release|Any CPU.ActiveCfg = Release|Any CPU
		{B0BF2D06-19CB-4B82-A55F-B6F8E0104A21}.Release|Any CPU.Build.0 = Release|Any CPU
	EndGlobalSection
	GlobalSection(SolutionProperties) = preSolution
		HideSolutionNode = FALSE
	EndGlobalSection
	GlobalSection(ExtensibilityGlobals) = postSolution
		SolutionGuid = {6FF29BDA-091A-4D37-B059-666A91788A21}
	EndGlobalSection
EndGlobal
